
Microsoft Visual Studio Solution File, Format Version 12.00
Project("{FAE04EC0-301F-11D3-BF4B-00C04F79EFBC}") = "Nmt.Grpc", "Nmt.Grpc\Nmt.Grpc.csproj", "{3B5D2489-6F39-4B0C-955D-757AFD159419}"
EndProject
Project("{FAE04EC0-301F-11D3-BF4B-00C04F79EFBC}") = "Nmt.Core", "Nmt.Core\Nmt.Core.csproj", "{EC6F8877-4894-413A-AC15-4609B473C67C}"
EndProject
Project("{FAE04EC0-301F-11D3-BF4B-00C04F79EFBC}") = "Nmt.Infrastructure", "Nmt.Infrastructure\Nmt.Infrastructure.csproj", "{EDC75A25-2675-4599-AD81-75F98C3D1B9B}"
EndProject
Project("{FAE04EC0-301F-11D3-BF4B-00C04F79EFBC}") = "Nmt.Domain", "Nmt.Domain\Nmt.Domain.csproj", "{433FE910-16D3-48AD-80EA-67C3902A3A4F}"
EndProject
Project("{FAE04EC0-301F-11D3-BF4B-00C04F79EFBC}") = "Nmt.GraphQL", "Nmt.GraphQL\Nmt.GraphQL.csproj", "{C877D76D-4F15-457E-B62F-631FFD30C92E}"
EndProject
Global
	GlobalSection(SolutionConfigurationPlatforms) = preSolution
		Debug|Any CPU = Debug|Any CPU
		Release|Any CPU = Release|Any CPU
	EndGlobalSection
	GlobalSection(ProjectConfigurationPlatforms) = postSolution
		{3B5D2489-6F39-4B0C-955D-757AFD159419}.Debug|Any CPU.ActiveCfg = Debug|Any CPU
		{3B5D2489-6F39-4B0C-955D-757AFD159419}.Debug|Any CPU.Build.0 = Debug|Any CPU
		{3B5D2489-6F39-4B0C-955D-757AFD159419}.Release|Any CPU.ActiveCfg = Release|Any CPU
		{3B5D2489-6F39-4B0C-955D-757AFD159419}.Release|Any CPU.Build.0 = Release|Any CPU
		{EC6F8877-4894-413A-AC15-4609B473C67C}.Debug|Any CPU.ActiveCfg = Debug|Any CPU
		{EC6F8877-4894-413A-AC15-4609B473C67C}.Debug|Any CPU.Build.0 = Debug|Any CPU
		{EC6F8877-4894-413A-AC15-4609B473C67C}.Release|Any CPU.ActiveCfg = Release|Any CPU
		{EC6F8877-4894-413A-AC15-4609B473C67C}.Release|Any CPU.Build.0 = Release|Any CPU
		{EDC75A25-2675-4599-AD81-75F98C3D1B9B}.Debug|Any CPU.ActiveCfg = Debug|Any CPU
		{EDC75A25-2675-4599-AD81-75F98C3D1B9B}.Debug|Any CPU.Build.0 = Debug|Any CPU
		{EDC75A25-2675-4599-AD81-75F98C3D1B9B}.Release|Any CPU.ActiveCfg = Release|Any CPU
		{EDC75A25-2675-4599-AD81-75F98C3D1B9B}.Release|Any CPU.Build.0 = Release|Any CPU
		{433FE910-16D3-48AD-80EA-67C3902A3A4F}.Debug|Any CPU.ActiveCfg = Debug|Any CPU
		{433FE910-16D3-48AD-80EA-67C3902A3A4F}.Debug|Any CPU.Build.0 = Debug|Any CPU
		{433FE910-16D3-48AD-80EA-67C3902A3A4F}.Release|Any CPU.ActiveCfg = Release|Any CPU
		{433FE910-16D3-48AD-80EA-67C3902A3A4F}.Release|Any CPU.Build.0 = Release|Any CPU
		{C877D76D-4F15-457E-B62F-631FFD30C92E}.Debug|Any CPU.ActiveCfg = Debug|Any CPU
		{C877D76D-4F15-457E-B62F-631FFD30C92E}.Debug|Any CPU.Build.0 = Debug|Any CPU
		{C877D76D-4F15-457E-B62F-631FFD30C92E}.Release|Any CPU.ActiveCfg = Release|Any CPU
		{C877D76D-4F15-457E-B62F-631FFD30C92E}.Release|Any CPU.Build.0 = Release|Any CPU
	EndGlobalSection
EndGlobal
